
Microsoft Visual Studio Solution File, Format Version 12.00
# Visual Studio Version 17
VisualStudioVersion = 17.2.32630.192
MinimumVisualStudioVersion = 10.0.40219.1
Project("{FAE04EC0-301F-11D3-BF4B-00C04F79EFBC}") = "NotifyUi", "NotifyUi\NotifyUi.csproj", "{3817960E-F62B-4CA8-B2FE-253B4628B008}"
EndProject
Global
	GlobalSection(SolutionConfigurationPlatforms) = preSolution
		Debug|Any CPU = Debug|Any CPU
		Release|Any CPU = Release|Any CPU
	EndGlobalSection
	GlobalSection(ProjectConfigurationPlatforms) = postSolution
		{3817960E-F62B-4CA8-B2FE-253B4628B008}.Debug|Any CPU.ActiveCfg = Debug|Any CPU
		{3817960E-F62B-4CA8-B2FE-253B4628B008}.Debug|Any CPU.Build.0 = Debug|Any CPU
		{3817960E-F62B-4CA8-B2FE-253B4628B008}.Release|Any CPU.ActiveCfg = Release|Any CPU
		{3817960E-F62B-4CA8-B2FE-253B4628B008}.Release|Any CPU.Build.0 = Release|Any CPU
	EndGlobalSection
	GlobalSection(SolutionProperties) = preSolution
		HideSolutionNode = FALSE
	EndGlobalSection
	GlobalSection(ExtensibilityGlobals) = postSolution
		SolutionGuid = {B03068F9-2F41-4E17-B8E9-C1CB6D9DF1B8}
	EndGlobalSection
EndGlobal
